<?xml version="1.0" encoding="utf-8"?>
<Project ToolsVersion="4.0" xmlns="http://schemas.microsoft.com/developer/msbuild/2003">
  <ItemGroup>
    <Filter Include="Source Files">
      <UniqueIdentifier>{4FC737F1-C7A5-4376-A066-2A32D752A2FF}</UniqueIdentifier>
      <Extensions>cpp;c;cc;cxx;def;odl;idl;hpj;bat;asm;asmx</Extensions>
    </Filter>
    <Filter Include="Header Files">
      <UniqueIdentifier>{93995380-89BD-4b04-88EB-625FBE52EBFB}</UniqueIdentifier>
      <Extensions>h;hpp;hxx;hm;inl;inc;xsd</Extensions>
    </Filter>
    <Filter Include="Resource Files">
      <UniqueIdentifier>{67DA6AB6-F800-4c08-8B7A-83BB121AAD01}</UniqueIdentifier>
      <Extensions>rc;ico;cur;bmp;dlg;rc2;rct;bin;rgs;gif;jpg;jpeg;jpe;resx;tiff;tif;png;wav</Extensions>
    </Filter>
  </ItemGroup>
  <ItemGroup>
    <ClInclude Include="..\..\libex2\ex.h">
      <Filter>Source Files</Filter>
    </ClInclude>
    <ClInclude Include="..\..\libex2\exapp.h">
      <Filter>Source Files</Filter>
    </ClInclude>
    <ClInclude Include="..\..\libex2\excairo.h">
      <Filter>Source Files</Filter>
    </ClInclude>
    <ClInclude Include="..\..\libex2\excallback.h">
      <Filter>Source Files</Filter>
    </ClInclude>
    <ClInclude Include="..\..\libex2\exconfig.h">
      <Filter>Source Files</Filter>
    </ClInclude>
    <ClInclude Include="..\..\libex2\exdebug.h">
      <Filter>Source Files</Filter>
    </ClInclude>
    <ClInclude Include="..\..\libex2\exevent.h">
      <Filter>Source Files</Filter>
    </ClInclude>
    <ClInclude Include="..\..\libex2\exgdiobj.h">
      <Filter>Source Files</Filter>
    </ClInclude>
    <ClInclude Include="..\..\libex2\exgeomet.h">
      <Filter>Source Files</Filter>
    </ClInclude>
    <ClInclude Include="..\..\libex2\eximage.h">
      <Filter>Source Files</Filter>
    </ClInclude>
    <ClInclude Include="..\..\libex2\exmacro.h">
      <Filter>Source Files</Filter>
    </ClInclude>
    <ClInclude Include="..\..\libex2\exmemory.h">
      <Filter>Source Files</Filter>
    </ClInclude>
    <ClInclude Include="..\..\libex2\exobject.h">
      <Filter>Source Files</Filter>
    </ClInclude>
    <ClInclude Include="..\..\libex2\expackpop.h">
      <Filter>Source Files</Filter>
    </ClInclude>
    <ClInclude Include="..\..\libex2\expackpush.h">
      <Filter>Source Files</Filter>
    </ClInclude>
    <ClInclude Include="..\..\libex2\exregion.h">
      <Filter>Source Files</Filter>
    </ClInclude>
    <ClInclude Include="..\..\libex2\exregion_p.h">
      <Filter>Source Files</Filter>
    </ClInclude>
    <ClInclude Include="..\..\libex2\exthread.h">
      <Filter>Source Files</Filter>
    </ClInclude>
    <ClInclude Include="..\..\libex2\extimer.h">
      <Filter>Source Files</Filter>
    </ClInclude>
    <ClInclude Include="..\..\libex2\extypes.h">
      <Filter>Source Files</Filter>
    </ClInclude>
    <ClInclude Include="..\..\libex2\exwidget.h">
      <Filter>Source Files</Filter>
    </ClInclude>
    <ClInclude Include="..\..\libex2\exwindow.h">
      <Filter>Source Files</Filter>
    </ClInclude>
    <ClInclude Include="..\..\libex2\excanvas.h">
      <Filter>Source Files</Filter>
    </ClInclude>
    <ClInclude Include="..\..\libex2\exrender.h">
      <Filter>Source Files</Filter>
    </ClInclude>
    <ClInclude Include="..\..\libex2\exwatch.h">
      <Filter>Source Files</Filter>
    </ClInclude>
    <ClInclude Include="..\..\libex2\exwatch_w32.h">
      <Filter>Source Files</Filter>
    </ClInclude>
    <ClInclude Include="..\..\libex2\exiconv.h">
      <Filter>Source Files</Filter>
    </ClInclude>
  </ItemGroup>
  <ItemGroup>
    <ClCompile Include="..\..\libex2\exapp.cpp">
      <Filter>Source Files</Filter>
    </ClCompile>
    <ClCompile Include="..\..\libex2\excairo.cpp">
      <Filter>Source Files</Filter>
    </ClCompile>
    <ClCompile Include="..\..\libex2\excallback.cpp">
      <Filter>Source Files</Filter>
    </ClCompile>
    <ClCompile Include="..\..\libex2\exdebug.cpp">
      <Filter>Source Files</Filter>
    </ClCompile>
    <ClCompile Include="..\..\libex2\exevent.cpp">
      <Filter>Source Files</Filter>
    </ClCompile>
    <ClCompile Include="..\..\libex2\exgdiobj.cpp">
      <Filter>Source Files</Filter>
    </ClCompile>
    <ClCompile Include="..\..\libex2\exgeomet.cpp">
      <Filter>Source Files</Filter>
    </ClCompile>
    <ClCompile Include="..\..\libex2\exim-draw.cpp">
      <Filter>Source Files</Filter>
    </ClCompile>
    <ClCompile Include="..\..\libex2\exim-io-bmp.cpp">
      <Filter>Source Files</Filter>
    </ClCompile>
    <ClCompile Include="..\..\libex2\exim-io-gif.cpp">
      <Filter>Source Files</Filter>
    </ClCompile>
    <ClCompile Include="..\..\libex2\exim-io-jpg.cpp">
      <Filter>Source Files</Filter>
    </ClCompile>
    <ClCompile Include="..\..\libex2\exim-io-png.cpp">
      <Filter>Source Files</Filter>
    </ClCompile>
    <ClCompile Include="..\..\libex2\eximage.cpp">
      <Filter>Source Files</Filter>
    </ClCompile>
    <ClCompile Include="..\..\libex2\exmemory.cpp">
      <Filter>Source Files</Filter>
    </ClCompile>
    <ClCompile Include="..\..\libex2\exobject.cpp">
      <Filter>Source Files</Filter>
    </ClCompile>
    <ClCompile Include="..\..\libex2\exregion.cpp">
      <Filter>Source Files</Filter>
    </ClCompile>
    <ClCompile Include="..\..\libex2\exthread.cpp">
      <Filter>Source Files</Filter>
    </ClCompile>
    <ClCompile Include="..\..\libex2\extimer.cpp">
      <Filter>Source Files</Filter>
    </ClCompile>
    <ClCompile Include="..\..\libex2\exwidget.cpp">
      <Filter>Source Files</Filter>
    </ClCompile>
    <ClCompile Include="..\..\libex2\exwindow.cpp">
      <Filter>Source Files</Filter>
    </ClCompile>
    <ClCompile Include="..\..\libex2\excanvas.cpp">
      <Filter>Source Files</Filter>
    </ClCompile>
    <ClCompile Include="..\..\libex2\exrender.cpp">
      <Filter>Source Files</Filter>
    </ClCompile>
    <ClCompile Include="..\..\libex2\exwatch.cpp">
      <Filter>Source Files</Filter>
    </ClCompile>
    <ClCompile Include="..\..\libex2\exwatch_w32.cpp">
      <Filter>Source Files</Filter>
    </ClCompile>
    <ClCompile Include="..\..\libex2\exiconv.cpp">
      <Filter>Source Files</Filter>
    </ClCompile>
  </ItemGroup>
  <ItemGroup>
    <Text Include="ReadMe.txt" />
  </ItemGroup>
</Project>