<?xml version="1.0" encoding="utf-8"?>
<Project ToolsVersion="4.0" xmlns="http://schemas.microsoft.com/developer/msbuild/2003">
  <ItemGroup>
    <Filter Include="Source Files">
      <UniqueIdentifier>{4FC737F1-C7A5-4376-A066-2A32D752A2FF}</UniqueIdentifier>
      <Extensions>cpp;c;cc;cxx;def;odl;idl;hpj;bat;asm;asmx</Extensions>
    </Filter>
    <Filter Include="Header Files">
      <UniqueIdentifier>{93995380-89BD-4b04-88EB-625FBE52EBFB}</UniqueIdentifier>
      <Extensions>h;hpp;hxx;hm;inl;inc;xsd</Extensions>
    </Filter>
    <Filter Include="Resource Files">
      <UniqueIdentifier>{67DA6AB6-F800-4c08-8B7A-83BB121AAD01}</UniqueIdentifier>
      <Extensions>rc;ico;cur;bmp;dlg;rc2;rct;bin;rgs;gif;jpg;jpeg;jpe;resx;tiff;tif;png;wav</Extensions>
    </Filter>
  </ItemGroup>
  <ItemGroup>
    <ClInclude Include="..\..\libex\ex.h">
      <Filter>Source Files</Filter>
    </ClInclude>
    <ClInclude Include="..\..\libex\exapp.h">
      <Filter>Source Files</Filter>
    </ClInclude>
    <ClInclude Include="..\..\libex\exbutton.h">
      <Filter>Source Files</Filter>
    </ClInclude>
    <ClInclude Include="..\..\libex\excairo.h">
      <Filter>Source Files</Filter>
    </ClInclude>
    <ClInclude Include="..\..\libex\excallback.h">
      <Filter>Source Files</Filter>
    </ClInclude>
    <ClInclude Include="..\..\libex\exconfig.h">
      <Filter>Source Files</Filter>
    </ClInclude>
    <ClInclude Include="..\..\libex\exdebug.h">
      <Filter>Source Files</Filter>
    </ClInclude>
    <ClInclude Include="..\..\libex\exevent.h">
      <Filter>Source Files</Filter>
    </ClInclude>
    <ClInclude Include="..\..\libex\exgdiobj.h">
      <Filter>Source Files</Filter>
    </ClInclude>
    <ClInclude Include="..\..\libex\exgeomet.h">
      <Filter>Source Files</Filter>
    </ClInclude>
    <ClInclude Include="..\..\libex\eximage.h">
      <Filter>Source Files</Filter>
    </ClInclude>
    <ClInclude Include="..\..\libex\exinput.h">
      <Filter>Source Files</Filter>
    </ClInclude>
    <ClInclude Include="..\..\libex\exlabel.h">
      <Filter>Source Files</Filter>
    </ClInclude>
    <ClInclude Include="..\..\libex\exlist.h">
      <Filter>Source Files</Filter>
    </ClInclude>
    <ClInclude Include="..\..\libex\exmacro.h">
      <Filter>Source Files</Filter>
    </ClInclude>
    <ClInclude Include="..\..\libex\exmemory.h">
      <Filter>Source Files</Filter>
    </ClInclude>
    <ClInclude Include="..\..\libex\exobject.h">
      <Filter>Source Files</Filter>
    </ClInclude>
    <ClInclude Include="..\..\libex\expackpop.h">
      <Filter>Source Files</Filter>
    </ClInclude>
    <ClInclude Include="..\..\libex\expackpush.h">
      <Filter>Source Files</Filter>
    </ClInclude>
    <ClInclude Include="..\..\libex\exregion.h">
      <Filter>Source Files</Filter>
    </ClInclude>
    <ClInclude Include="..\..\libex\exregion_p.h">
      <Filter>Source Files</Filter>
    </ClInclude>
    <ClInclude Include="..\..\libex\exsearch.h">
      <Filter>Source Files</Filter>
    </ClInclude>
    <ClInclude Include="..\..\libex\exstuff.h">
      <Filter>Source Files</Filter>
    </ClInclude>
    <ClInclude Include="..\..\libex\exstyle.h">
      <Filter>Source Files</Filter>
    </ClInclude>
    <ClInclude Include="..\..\libex\exthread.h">
      <Filter>Source Files</Filter>
    </ClInclude>
    <ClInclude Include="..\..\libex\extimer.h">
      <Filter>Source Files</Filter>
    </ClInclude>
    <ClInclude Include="..\..\libex\extypes.h">
      <Filter>Source Files</Filter>
    </ClInclude>
    <ClInclude Include="..\..\libex\exwidget.h">
      <Filter>Source Files</Filter>
    </ClInclude>
    <ClInclude Include="..\..\libex\exwindow.h">
      <Filter>Source Files</Filter>
    </ClInclude>
    <ClInclude Include="..\..\libex\excanvas.h">
      <Filter>Source Files</Filter>
    </ClInclude>
    <ClInclude Include="..\..\libex\exrender.h">
      <Filter>Source Files</Filter>
    </ClInclude>
    <ClInclude Include="..\..\libex\exwatch.h">
      <Filter>Source Files</Filter>
    </ClInclude>
    <ClInclude Include="..\..\libex\exwatch_w32.h">
      <Filter>Source Files</Filter>
    </ClInclude>
    <ClInclude Include="..\..\libex\exiconv.h">
      <Filter>Source Files</Filter>
    </ClInclude>
  </ItemGroup>
  <ItemGroup>
    <ClCompile Include="..\..\libex\exapp.cpp">
      <Filter>Source Files</Filter>
    </ClCompile>
    <ClCompile Include="..\..\libex\exbutton.cpp">
      <Filter>Source Files</Filter>
    </ClCompile>
    <ClCompile Include="..\..\libex\excairo.cpp">
      <Filter>Source Files</Filter>
    </ClCompile>
    <ClCompile Include="..\..\libex\excallback.cpp">
      <Filter>Source Files</Filter>
    </ClCompile>
    <ClCompile Include="..\..\libex\exdebug.cpp">
      <Filter>Source Files</Filter>
    </ClCompile>
    <ClCompile Include="..\..\libex\exevent.cpp">
      <Filter>Source Files</Filter>
    </ClCompile>
    <ClCompile Include="..\..\libex\exgdiobj.cpp">
      <Filter>Source Files</Filter>
    </ClCompile>
    <ClCompile Include="..\..\libex\exgeomet.cpp">
      <Filter>Source Files</Filter>
    </ClCompile>
    <ClCompile Include="..\..\libex\exim-draw.cpp">
      <Filter>Source Files</Filter>
    </ClCompile>
    <ClCompile Include="..\..\libex\exim-io-bmp.cpp">
      <Filter>Source Files</Filter>
    </ClCompile>
    <ClCompile Include="..\..\libex\exim-io-gif.cpp">
      <Filter>Source Files</Filter>
    </ClCompile>
    <ClCompile Include="..\..\libex\exim-io-jpg.cpp">
      <Filter>Source Files</Filter>
    </ClCompile>
    <ClCompile Include="..\..\libex\exim-io-png.cpp">
      <Filter>Source Files</Filter>
    </ClCompile>
    <ClCompile Include="..\..\libex\eximage.cpp">
      <Filter>Source Files</Filter>
    </ClCompile>
    <ClCompile Include="..\..\libex\exinput.cpp">
      <Filter>Source Files</Filter>
    </ClCompile>
    <ClCompile Include="..\..\libex\exlabel.cpp">
      <Filter>Source Files</Filter>
    </ClCompile>
    <ClCompile Include="..\..\libex\exlist.cpp">
      <Filter>Source Files</Filter>
    </ClCompile>
    <ClCompile Include="..\..\libex\exmemory.cpp">
      <Filter>Source Files</Filter>
    </ClCompile>
    <ClCompile Include="..\..\libex\exobject.cpp">
      <Filter>Source Files</Filter>
    </ClCompile>
    <ClCompile Include="..\..\libex\exregion.cpp">
      <Filter>Source Files</Filter>
    </ClCompile>
    <ClCompile Include="..\..\libex\exsearch.cpp">
      <Filter>Source Files</Filter>
    </ClCompile>
    <ClCompile Include="..\..\libex\exstuff.cpp">
      <Filter>Source Files</Filter>
    </ClCompile>
    <ClCompile Include="..\..\libex\exstyle.cpp">
      <Filter>Source Files</Filter>
    </ClCompile>
    <ClCompile Include="..\..\libex\exthread.cpp">
      <Filter>Source Files</Filter>
    </ClCompile>
    <ClCompile Include="..\..\libex\extimer.cpp">
      <Filter>Source Files</Filter>
    </ClCompile>
    <ClCompile Include="..\..\libex\exwidget.cpp">
      <Filter>Source Files</Filter>
    </ClCompile>
    <ClCompile Include="..\..\libex\exwindow.cpp">
      <Filter>Source Files</Filter>
    </ClCompile>
    <ClCompile Include="..\..\libex\excanvas.cpp">
      <Filter>Source Files</Filter>
    </ClCompile>
    <ClCompile Include="..\..\libex\exrender.cpp">
      <Filter>Source Files</Filter>
    </ClCompile>
    <ClCompile Include="..\..\libex\exwatch.cpp">
      <Filter>Source Files</Filter>
    </ClCompile>
    <ClCompile Include="..\..\libex\exwatch_w32.cpp">
      <Filter>Source Files</Filter>
    </ClCompile>
    <ClCompile Include="..\..\libex\exiconv.cpp">
      <Filter>Source Files</Filter>
    </ClCompile>
  </ItemGroup>
  <ItemGroup>
    <Text Include="ReadMe.txt" />
  </ItemGroup>
</Project>